
Microsoft Visual Studio Solution File, Format Version 12.00
# Visual Studio 14
VisualStudioVersion = 14.0.25420.1
MinimumVisualStudioVersion = 10.0.40219.1
Project("{FAE04EC0-301F-11D3-BF4B-00C04F79EFBC}") = "sharepointWebApi", "sharepointWebApi\sharepointWebApi.csproj", "{9B693E49-FB2D-4E31-830F-D4D4D5066B3D}"
EndProject
Project("{FAE04EC0-301F-11D3-BF4B-00C04F79EFBC}") = "SharepointWebApiV3", "SharepointWebApiV3\SharepointWebApiV3.csproj", "{3D08595B-BEA6-46E8-BB33-B182467AA06B}"
EndProject
Global
	GlobalSection(SolutionConfigurationPlatforms) = preSolution
		Debug|Any CPU = Debug|Any CPU
		Release|Any CPU = Release|Any CPU
	EndGlobalSection
	GlobalSection(ProjectConfigurationPlatforms) = postSolution
		{9B693E49-FB2D-4E31-830F-D4D4D5066B3D}.Debug|Any CPU.ActiveCfg = Debug|Any CPU
		{9B693E49-FB2D-4E31-830F-D4D4D5066B3D}.Debug|Any CPU.Build.0 = Debug|Any CPU
		{9B693E49-FB2D-4E31-830F-D4D4D5066B3D}.Release|Any CPU.ActiveCfg = Release|Any CPU
		{9B693E49-FB2D-4E31-830F-D4D4D5066B3D}.Release|Any CPU.Build.0 = Release|Any CPU
		{3D08595B-BEA6-46E8-BB33-B182467AA06B}.Debug|Any CPU.ActiveCfg = Debug|Any CPU
		{3D08595B-BEA6-46E8-BB33-B182467AA06B}.Debug|Any CPU.Build.0 = Debug|Any CPU
		{3D08595B-BEA6-46E8-BB33-B182467AA06B}.Release|Any CPU.ActiveCfg = Release|Any CPU
		{3D08595B-BEA6-46E8-BB33-B182467AA06B}.Release|Any CPU.Build.0 = Release|Any CPU
	EndGlobalSection
	GlobalSection(SolutionProperties) = preSolution
		HideSolutionNode = FALSE
	EndGlobalSection
EndGlobal
